
Microsoft Visual Studio Solution File, Format Version 12.00
# Visual Studio Version 18
VisualStudioVersion = 18.5.11723.231 stable
MinimumVisualStudioVersion = 10.0.40219.1
Project("{FAE04EC0-301F-11D3-BF4B-00C04F79EFBC}") = "CinemaBookingApp2", "CinemaBookingApp2.csproj", "{BFAE0838-78FA-48B4-A9AA-6EF50A5AA450}"
EndProject
Project("{FAE04EC0-301F-11D3-BF4B-00C04F79EFBC}") = "CinemaFunctions", "CinemaFunctions\CinemaFunctions.csproj", "{FB5EAE96-82DA-1C15-0304-DEFF0F4281E3}"
EndProject
Global
	GlobalSection(SolutionConfigurationPlatforms) = preSolution
		Debug|Any CPU = Debug|Any CPU
		Release|Any CPU = Release|Any CPU
	EndGlobalSection
	GlobalSection(ProjectConfigurationPlatforms) = postSolution
		{BFAE0838-78FA-48B4-A9AA-6EF50A5AA450}.Debug|Any CPU.ActiveCfg = Debug|Any CPU
		{BFAE0838-78FA-48B4-A9AA-6EF50A5AA450}.Debug|Any CPU.Build.0 = Debug|Any CPU
		{BFAE0838-78FA-48B4-A9AA-6EF50A5AA450}.Release|Any CPU.ActiveCfg = Release|Any CPU
		{BFAE0838-78FA-48B4-A9AA-6EF50A5AA450}.Release|Any CPU.Build.0 = Release|Any CPU
		{FB5EAE96-82DA-1C15-0304-DEFF0F4281E3}.Debug|Any CPU.ActiveCfg = Debug|Any CPU
		{FB5EAE96-82DA-1C15-0304-DEFF0F4281E3}.Debug|Any CPU.Build.0 = Debug|Any CPU
		{FB5EAE96-82DA-1C15-0304-DEFF0F4281E3}.Release|Any CPU.ActiveCfg = Release|Any CPU
		{FB5EAE96-82DA-1C15-0304-DEFF0F4281E3}.Release|Any CPU.Build.0 = Release|Any CPU
	EndGlobalSection
	GlobalSection(SolutionProperties) = preSolution
		HideSolutionNode = FALSE
	EndGlobalSection
	GlobalSection(ExtensibilityGlobals) = postSolution
		SolutionGuid = {755FAE09-BE60-47BF-87AB-B29C8D5009DC}
	EndGlobalSection
EndGlobal
